
Microsoft Visual Studio Solution File, Format Version 12.00
# Visual Studio Version 17
VisualStudioVersion = 17.2.32630.192
MinimumVisualStudioVersion = 10.0.40219.1
Project("{9A19103F-16F7-4668-BE54-9A1E7A4F7556}") = "Schoolager.Web", "Schoolager.Web\Schoolager.Web.csproj", "{D7D765BC-9236-4351-99E1-F562CF958967}"
EndProject
Project("{9A19103F-16F7-4668-BE54-9A1E7A4F7556}") = "Schoolager.Prism", "Schoolager.Prism\Schoolager.Prism\Schoolager.Prism.csproj", "{5361353F-F32A-4715-98B8-00F8DF15BC88}"
EndProject
Project("{FAE04EC0-301F-11D3-BF4B-00C04F79EFBC}") = "Schoolager.Prism.Android", "Schoolager.Prism\Schoolager.Prism.Android\Schoolager.Prism.Android.csproj", "{C1F9A4C8-9950-494E-8976-7D096B5B2FA1}"
EndProject
Project("{FAE04EC0-301F-11D3-BF4B-00C04F79EFBC}") = "Schoolager.Prism.iOS", "Schoolager.Prism\Schoolager.Prism.iOS\Schoolager.Prism.iOS.csproj", "{6FD2CA1A-37BB-43F8-85AE-EF88852FD8A0}"
EndProject
Project("{FAE04EC0-301F-11D3-BF4B-00C04F79EFBC}") = "Schoolager.Prism.UWP", "Schoolager.Prism\Schoolager.Prism.UWP\Schoolager.Prism.UWP.csproj", "{38FCF28E-34A9-4659-8C1C-935919D9E98C}"
EndProject
Global
	GlobalSection(SolutionConfigurationPlatforms) = preSolution
		Ad-Hoc|Any CPU = Ad-Hoc|Any CPU
		Ad-Hoc|ARM = Ad-Hoc|ARM
		Ad-Hoc|iPhone = Ad-Hoc|iPhone
		Ad-Hoc|iPhoneSimulator = Ad-Hoc|iPhoneSimulator
		Ad-Hoc|x64 = Ad-Hoc|x64
		Ad-Hoc|x86 = Ad-Hoc|x86
		AppStore|Any CPU = AppStore|Any CPU
		AppStore|ARM = AppStore|ARM
		AppStore|iPhone = AppStore|iPhone
		AppStore|iPhoneSimulator = AppStore|iPhoneSimulator
		AppStore|x64 = AppStore|x64
		AppStore|x86 = AppStore|x86
		Debug|Any CPU = Debug|Any CPU
		Debug|ARM = Debug|ARM
		Debug|iPhone = Debug|iPhone
		Debug|iPhoneSimulator = Debug|iPhoneSimulator
		Debug|x64 = Debug|x64
		Debug|x86 = Debug|x86
		Release|Any CPU = Release|Any CPU
		Release|ARM = Release|ARM
		Release|iPhone = Release|iPhone
		Release|iPhoneSimulator = Release|iPhoneSimulator
		Release|x64 = Release|x64
		Release|x86 = Release|x86
	EndGlobalSection
	GlobalSection(ProjectConfigurationPlatforms) = postSolution
		{D7D765BC-9236-4351-99E1-F562CF958967}.Ad-Hoc|Any CPU.ActiveCfg = Release|Any CPU
		{D7D765BC-9236-4351-99E1-F562CF958967}.Ad-Hoc|Any CPU.Build.0 = Release|Any CPU
		{D7D765BC-9236-4351-99E1-F562CF958967}.Ad-Hoc|ARM.ActiveCfg = Release|Any CPU
		{D7D765BC-9236-4351-99E1-F562CF958967}.Ad-Hoc|ARM.Build.0 = Release|Any CPU
		{D7D765BC-9236-4351-99E1-F562CF958967}.Ad-Hoc|iPhone.ActiveCfg = Release|Any CPU
		{D7D765BC-9236-4351-99E1-F562CF958967}.Ad-Hoc|iPhone.Build.0 = Release|Any CPU
		{D7D765BC-9236-4351-99E1-F562CF958967}.Ad-Hoc|iPhoneSimulator.ActiveCfg = Release|Any CPU
		{D7D765BC-9236-4351-99E1-F562CF958967}.Ad-Hoc|iPhoneSimulator.Build.0 = Release|Any CPU
		{D7D765BC-9236-4351-99E1-F562CF958967}.Ad-Hoc|x64.ActiveCfg = Release|Any CPU
		{D7D765BC-9236-4351-99E1-F562CF958967}.Ad-Hoc|x64.Build.0 = Release|Any CPU
		{D7D765BC-9236-4351-99E1-F562CF958967}.Ad-Hoc|x86.ActiveCfg = Release|Any CPU
		{D7D765BC-9236-4351-99E1-F562CF958967}.Ad-Hoc|x86.Build.0 = Release|Any CPU
		{D7D765BC-9236-4351-99E1-F562CF958967}.AppStore|Any CPU.ActiveCfg = Release|Any CPU
		{D7D765BC-9236-4351-99E1-F562CF958967}.AppStore|Any CPU.Build.0 = Release|Any CPU
		{D7D765BC-9236-4351-99E1-F562CF958967}.AppStore|ARM.ActiveCfg = Release|Any CPU
		{D7D765BC-9236-4351-99E1-F562CF958967}.AppStore|ARM.Build.0 = Release|Any CPU
		{D7D765BC-9236-4351-99E1-F562CF958967}.AppStore|iPhone.ActiveCfg = Release|Any CPU
		{D7D765BC-9236-4351-99E1-F562CF958967}.AppStore|iPhone.Build.0 = Release|Any CPU
		{D7D765BC-9236-4351-99E1-F562CF958967}.AppStore|iPhoneSimulator.ActiveCfg = Release|Any CPU
		{D7D765BC-9236-4351-99E1-F562CF958967}.AppStore|iPhoneSimulator.Build.0 = Release|Any CPU
		{D7D765BC-9236-4351-99E1-F562CF958967}.AppStore|x64.ActiveCfg = Release|Any CPU
		{D7D765BC-9236-4351-99E1-F562CF958967}.AppStore|x64.Build.0 = Release|Any CPU
		{D7D765BC-9236-4351-99E1-F562CF958967}.AppStore|x86.ActiveCfg = Release|Any CPU
		{D7D765BC-9236-4351-99E1-F562CF958967}.AppStore|x86.Build.0 = Release|Any CPU
		{D7D765BC-9236-4351-99E1-F562CF958967}.Debug|Any CPU.ActiveCfg = Debug|Any CPU
		{D7D765BC-9236-4351-99E1-F562CF958967}.Debug|Any CPU.Build.0 = Debug|Any CPU
		{D7D765BC-9236-4351-99E1-F562CF958967}.Debug|ARM.ActiveCfg = Debug|Any CPU
		{D7D765BC-9236-4351-99E1-F562CF958967}.Debug|ARM.Build.0 = Debug|Any CPU
		{D7D765BC-9236-4351-99E1-F562CF958967}.Debug|iPhone.ActiveCfg = Debug|Any CPU
		{D7D765BC-9236-4351-99E1-F562CF958967}.Debug|iPhone.Build.0 = Debug|Any CPU
		{D7D765BC-9236-4351-99E1-F562CF958967}.Debug|iPhoneSimulator.ActiveCfg = Debug|Any CPU
		{D7D765BC-9236-4351-99E1-F562CF958967}.Debug|iPhoneSimulator.Build.0 = Debug|Any CPU
		{D7D765BC-9236-4351-99E1-F562CF958967}.Debug|x64.ActiveCfg = Debug|Any CPU
		{D7D765BC-9236-4351-99E1-F562CF958967}.Debug|x64.Build.0 = Debug|Any CPU
		{D7D765BC-9236-4351-99E1-F562CF958967}.Debug|x86.ActiveCfg = Debug|Any CPU
		{D7D765BC-9236-4351-99E1-F562CF958967}.Debug|x86.Build.0 = Debug|Any CPU
		{D7D765BC-9236-4351-99E1-F562CF958967}.Release|Any CPU.ActiveCfg = Release|Any CPU
		{D7D765BC-9236-4351-99E1-F562CF958967}.Release|Any CPU.Build.0 = Release|Any CPU
		{D7D765BC-9236-4351-99E1-F562CF958967}.Release|ARM.ActiveCfg = Release|Any CPU
		{D7D765BC-9236-4351-99E1-F562CF958967}.Release|ARM.Build.0 = Release|Any CPU
		{D7D765BC-9236-4351-99E1-F562CF958967}.Release|iPhone.ActiveCfg = Release|Any CPU
		{D7D765BC-9236-4351-99E1-F562CF958967}.Release|iPhone.Build.0 = Release|Any CPU
		{D7D765BC-9236-4351-99E1-F562CF958967}.Release|iPhoneSimulator.ActiveCfg = Release|Any CPU
		{D7D765BC-9236-4351-99E1-F562CF958967}.Release|iPhoneSimulator.Build.0 = Release|Any CPU
		{D7D765BC-9236-4351-99E1-F562CF958967}.Release|x64.ActiveCfg = Release|Any CPU
		{D7D765BC-9236-4351-99E1-F562CF958967}.Release|x64.Build.0 = Release|Any CPU
		{D7D765BC-9236-4351-99E1-F562CF958967}.Release|x86.ActiveCfg = Release|Any CPU
		{D7D765BC-9236-4351-99E1-F562CF958967}.Release|x86.Build.0 = Release|Any CPU
		{5361353F-F32A-4715-98B8-00F8DF15BC88}.Ad-Hoc|Any CPU.ActiveCfg = Debug|Any CPU
		{5361353F-F32A-4715-98B8-00F8DF15BC88}.Ad-Hoc|Any CPU.Build.0 = Debug|Any CPU
		{5361353F-F32A-4715-98B8-00F8DF15BC88}.Ad-Hoc|ARM.ActiveCfg = Debug|Any CPU
		{5361353F-F32A-4715-98B8-00F8DF15BC88}.Ad-Hoc|ARM.Build.0 = Debug|Any CPU
		{5361353F-F32A-4715-98B8-00F8DF15BC88}.Ad-Hoc|iPhone.ActiveCfg = Debug|Any CPU
		{5361353F-F32A-4715-98B8-00F8DF15BC88}.Ad-Hoc|iPhone.Build.0 = Debug|Any CPU
		{5361353F-F32A-4715-98B8-00F8DF15BC88}.Ad-Hoc|iPhoneSimulator.ActiveCfg = Debug|Any CPU
		{5361353F-F32A-4715-98B8-00F8DF15BC88}.Ad-Hoc|iPhoneSimulator.Build.0 = Debug|Any CPU
		{5361353F-F32A-4715-98B8-00F8DF15BC88}.Ad-Hoc|x64.ActiveCfg = Debug|Any CPU
		{5361353F-F32A-4715-98B8-00F8DF15BC88}.Ad-Hoc|x64.Build.0 = Debug|Any CPU
		{5361353F-F32A-4715-98B8-00F8DF15BC88}.Ad-Hoc|x86.ActiveCfg = Debug|Any CPU
		{5361353F-F32A-4715-98B8-00F8DF15BC88}.Ad-Hoc|x86.Build.0 = Debug|Any CPU
		{5361353F-F32A-4715-98B8-00F8DF15BC88}.AppStore|Any CPU.ActiveCfg = Debug|Any CPU
		{5361353F-F32A-4715-98B8-00F8DF15BC88}.AppStore|Any CPU.Build.0 = Debug|Any CPU
		{5361353F-F32A-4715-98B8-00F8DF15BC88}.AppStore|ARM.ActiveCfg = Debug|Any CPU
		{5361353F-F32A-4715-98B8-00F8DF15BC88}.AppStore|ARM.Build.0 = Debug|Any CPU
		{5361353F-F32A-4715-98B8-00F8DF15BC88}.AppStore|iPhone.ActiveCfg = Debug|Any CPU
		{5361353F-F32A-4715-98B8-00F8DF15BC88}.AppStore|iPhone.Build.0 = Debug|Any CPU
		{5361353F-F32A-4715-98B8-00F8DF15BC88}.AppStore|iPhoneSimulator.ActiveCfg = Debug|Any CPU
		{5361353F-F32A-4715-98B8-00F8DF15BC88}.AppStore|iPhoneSimulator.Build.0 = Debug|Any CPU
		{5361353F-F32A-4715-98B8-00F8DF15BC88}.AppStore|x64.ActiveCfg = Debug|Any CPU
		{5361353F-F32A-4715-98B8-00F8DF15BC88}.AppStore|x64.Build.0 = Debug|Any CPU
		{5361353F-F32A-4715-98B8-00F8DF15BC88}.AppStore|x86.ActiveCfg = Debug|Any CPU
		{5361353F-F32A-4715-98B8-00F8DF15BC88}.AppStore|x86.Build.0 = Debug|Any CPU
		{5361353F-F32A-4715-98B8-00F8DF15BC88}.Debug|Any CPU.ActiveCfg = Debug|Any CPU
		{5361353F-F32A-4715-98B8-00F8DF15BC88}.Debug|Any CPU.Build.0 = Debug|Any CPU
		{5361353F-F32A-4715-98B8-00F8DF15BC88}.Debug|ARM.ActiveCfg = Debug|Any CPU
		{5361353F-F32A-4715-98B8-00F8DF15BC88}.Debug|ARM.Build.0 = Debug|Any CPU
		{5361353F-F32A-4715-98B8-00F8DF15BC88}.Debug|iPhone.ActiveCfg = Debug|Any CPU
		{5361353F-F32A-4715-98B8-00F8DF15BC88}.Debug|iPhone.Build.0 = Debug|Any CPU
		{5361353F-F32A-4715-98B8-00F8DF15BC88}.Debug|iPhoneSimulator.ActiveCfg = Debug|Any CPU
		{5361353F-F32A-4715-98B8-00F8DF15BC88}.Debug|iPhoneSimulator.Build.0 = Debug|Any CPU
		{5361353F-F32A-4715-98B8-00F8DF15BC88}.Debug|x64.ActiveCfg = Debug|Any CPU
		{5361353F-F32A-4715-98B8-00F8DF15BC88}.Debug|x64.Build.0 = Debug|Any CPU
		{5361353F-F32A-4715-98B8-00F8DF15BC88}.Debug|x86.ActiveCfg = Debug|Any CPU
		{5361353F-F32A-4715-98B8-00F8DF15BC88}.Debug|x86.Build.0 = Debug|Any CPU
		{5361353F-F32A-4715-98B8-00F8DF15BC88}.Release|Any CPU.ActiveCfg = Release|Any CPU
		{5361353F-F32A-4715-98B8-00F8DF15BC88}.Release|Any CPU.Build.0 = Release|Any CPU
		{5361353F-F32A-4715-98B8-00F8DF15BC88}.Release|ARM.ActiveCfg = Release|Any CPU
		{5361353F-F32A-4715-98B8-00F8DF15BC88}.Release|ARM.Build.0 = Release|Any CPU
		{5361353F-F32A-4715-98B8-00F8DF15BC88}.Release|iPhone.ActiveCfg = Release|Any CPU
		{5361353F-F32A-4715-98B8-00F8DF15BC88}.Release|iPhone.Build.0 = Release|Any CPU
		{5361353F-F32A-4715-98B8-00F8DF15BC88}.Release|iPhoneSimulator.ActiveCfg = Release|Any CPU
		{5361353F-F32A-4715-98B8-00F8DF15BC88}.Release|iPhoneSimulator.Build.0 = Release|Any CPU
		{5361353F-F32A-4715-98B8-00F8DF15BC88}.Release|x64.ActiveCfg = Release|Any CPU
		{5361353F-F32A-4715-98B8-00F8DF15BC88}.Release|x64.Build.0 = Release|Any CPU
		{5361353F-F32A-4715-98B8-00F8DF15BC88}.Release|x86.ActiveCfg = Release|Any CPU
		{5361353F-F32A-4715-98B8-00F8DF15BC88}.Release|x86.Build.0 = Release|Any CPU
		{C1F9A4C8-9950-494E-8976-7D096B5B2FA1}.Ad-Hoc|Any CPU.ActiveCfg = Debug|Any CPU
		{C1F9A4C8-9950-494E-8976-7D096B5B2FA1}.Ad-Hoc|Any CPU.Build.0 = Debug|Any CPU
		{C1F9A4C8-9950-494E-8976-7D096B5B2FA1}.Ad-Hoc|Any CPU.Deploy.0 = Debug|Any CPU
		{C1F9A4C8-9950-494E-8976-7D096B5B2FA1}.Ad-Hoc|ARM.ActiveCfg = Debug|Any CPU
		{C1F9A4C8-9950-494E-8976-7D096B5B2FA1}.Ad-Hoc|ARM.Build.0 = Debug|Any CPU
		{C1F9A4C8-9950-494E-8976-7D096B5B2FA1}.Ad-Hoc|ARM.Deploy.0 = Debug|Any CPU
		{C1F9A4C8-9950-494E-8976-7D096B5B2FA1}.Ad-Hoc|iPhone.ActiveCfg = Debug|Any CPU
		{C1F9A4C8-9950-494E-8976-7D096B5B2FA1}.Ad-Hoc|iPhone.Build.0 = Debug|Any CPU
		{C1F9A4C8-9950-494E-8976-7D096B5B2FA1}.Ad-Hoc|iPhone.Deploy.0 = Debug|Any CPU
		{C1F9A4C8-9950-494E-8976-7D096B5B2FA1}.Ad-Hoc|iPhoneSimulator.ActiveCfg = Debug|Any CPU
		{C1F9A4C8-9950-494E-8976-7D096B5B2FA1}.Ad-Hoc|iPhoneSimulator.Build.0 = Debug|Any CPU
		{C1F9A4C8-9950-494E-8976-7D096B5B2FA1}.Ad-Hoc|iPhoneSimulator.Deploy.0 = Debug|Any CPU
		{C1F9A4C8-9950-494E-8976-7D096B5B2FA1}.Ad-Hoc|x64.ActiveCfg = Debug|Any CPU
		{C1F9A4C8-9950-494E-8976-7D096B5B2FA1}.Ad-Hoc|x64.Build.0 = Debug|Any CPU
		{C1F9A4C8-9950-494E-8976-7D096B5B2FA1}.Ad-Hoc|x64.Deploy.0 = Debug|Any CPU
		{C1F9A4C8-9950-494E-8976-7D096B5B2FA1}.Ad-Hoc|x86.ActiveCfg = Debug|Any CPU
		{C1F9A4C8-9950-494E-8976-7D096B5B2FA1}.Ad-Hoc|x86.Build.0 = Debug|Any CPU
		{C1F9A4C8-9950-494E-8976-7D096B5B2FA1}.Ad-Hoc|x86.Deploy.0 = Debug|Any CPU
		{C1F9A4C8-9950-494E-8976-7D096B5B2FA1}.AppStore|Any CPU.ActiveCfg = Debug|Any CPU
		{C1F9A4C8-9950-494E-8976-7D096B5B2FA1}.AppStore|Any CPU.Build.0 = Debug|Any CPU
		{C1F9A4C8-9950-494E-8976-7D096B5B2FA1}.AppStore|Any CPU.Deploy.0 = Debug|Any CPU
		{C1F9A4C8-9950-494E-8976-7D096B5B2FA1}.AppStore|ARM.ActiveCfg = Debug|Any CPU
		{C1F9A4C8-9950-494E-8976-7D096B5B2FA1}.AppStore|ARM.Build.0 = Debug|Any CPU
		{C1F9A4C8-9950-494E-8976-7D096B5B2FA1}.AppStore|ARM.Deploy.0 = Debug|Any CPU
		{C1F9A4C8-9950-494E-8976-7D096B5B2FA1}.AppStore|iPhone.ActiveCfg = Debug|Any CPU
		{C1F9A4C8-9950-494E-8976-7D096B5B2FA1}.AppStore|iPhone.Build.0 = Debug|Any CPU
		{C1F9A4C8-9950-494E-8976-7D096B5B2FA1}.AppStore|iPhone.Deploy.0 = Debug|Any CPU
		{C1F9A4C8-9950-494E-8976-7D096B5B2FA1}.AppStore|iPhoneSimulator.ActiveCfg = Debug|Any CPU
		{C1F9A4C8-9950-494E-8976-7D096B5B2FA1}.AppStore|iPhoneSimulator.Build.0 = Debug|Any CPU
		{C1F9A4C8-9950-494E-8976-7D096B5B2FA1}.AppStore|iPhoneSimulator.Deploy.0 = Debug|Any CPU
		{C1F9A4C8-9950-494E-8976-7D096B5B2FA1}.AppStore|x64.ActiveCfg = Debug|Any CPU
		{C1F9A4C8-9950-494E-8976-7D096B5B2FA1}.AppStore|x64.Build.0 = Debug|Any CPU
		{C1F9A4C8-9950-494E-8976-7D096B5B2FA1}.AppStore|x64.Deploy.0 = Debug|Any CPU
		{C1F9A4C8-9950-494E-8976-7D096B5B2FA1}.AppStore|x86.ActiveCfg = Debug|Any CPU
		{C1F9A4C8-9950-494E-8976-7D096B5B2FA1}.AppStore|x86.Build.0 = Debug|Any CPU
		{C1F9A4C8-9950-494E-8976-7D096B5B2FA1}.AppStore|x86.Deploy.0 = Debug|Any CPU
		{C1F9A4C8-9950-494E-8976-7D096B5B2FA1}.Debug|Any CPU.ActiveCfg = Debug|Any CPU
		{C1F9A4C8-9950-494E-8976-7D096B5B2FA1}.Debug|Any CPU.Build.0 = Debug|Any CPU
		{C1F9A4C8-9950-494E-8976-7D096B5B2FA1}.Debug|Any CPU.Deploy.0 = Debug|Any CPU
		{C1F9A4C8-9950-494E-8976-7D096B5B2FA1}.Debug|ARM.ActiveCfg = Debug|Any CPU
		{C1F9A4C8-9950-494E-8976-7D096B5B2FA1}.Debug|ARM.Build.0 = Debug|Any CPU
		{C1F9A4C8-9950-494E-8976-7D096B5B2FA1}.Debug|ARM.Deploy.0 = Debug|Any CPU
		{C1F9A4C8-9950-494E-8976-7D096B5B2FA1}.Debug|iPhone.ActiveCfg = Debug|Any CPU
		{C1F9A4C8-9950-494E-8976-7D096B5B2FA1}.Debug|iPhone.Build.0 = Debug|Any CPU
		{C1F9A4C8-9950-494E-8976-7D096B5B2FA1}.Debug|iPhone.Deploy.0 = Debug|Any CPU
		{C1F9A4C8-9950-494E-8976-7D096B5B2FA1}.Debug|iPhoneSimulator.ActiveCfg = Debug|Any CPU
		{C1F9A4C8-9950-494E-8976-7D096B5B2FA1}.Debug|iPhoneSimulator.Build.0 = Debug|Any CPU
		{C1F9A4C8-9950-494E-8976-7D096B5B2FA1}.Debug|iPhoneSimulator.Deploy.0 = Debug|Any CPU
		{C1F9A4C8-9950-494E-8976-7D096B5B2FA1}.Debug|x64.ActiveCfg = Debug|Any CPU
		{C1F9A4C8-9950-494E-8976-7D096B5B2FA1}.Debug|x64.Build.0 = Debug|Any CPU
		{C1F9A4C8-9950-494E-8976-7D096B5B2FA1}.Debug|x64.Deploy.0 = Debug|Any CPU
		{C1F9A4C8-9950-494E-8976-7D096B5B2FA1}.Debug|x86.ActiveCfg = Debug|Any CPU
		{C1F9A4C8-9950-494E-8976-7D096B5B2FA1}.Debug|x86.Build.0 = Debug|Any CPU
		{C1F9A4C8-9950-494E-8976-7D096B5B2FA1}.Debug|x86.Deploy.0 = Debug|Any CPU
		{C1F9A4C8-9950-494E-8976-7D096B5B2FA1}.Release|Any CPU.ActiveCfg = Release|Any CPU
		{C1F9A4C8-9950-494E-8976-7D096B5B2FA1}.Release|Any CPU.Build.0 = Release|Any CPU
		{C1F9A4C8-9950-494E-8976-7D096B5B2FA1}.Release|Any CPU.Deploy.0 = Release|Any CPU
		{C1F9A4C8-9950-494E-8976-7D096B5B2FA1}.Release|ARM.ActiveCfg = Release|Any CPU
		{C1F9A4C8-9950-494E-8976-7D096B5B2FA1}.Release|ARM.Build.0 = Release|Any CPU
		{C1F9A4C8-9950-494E-8976-7D096B5B2FA1}.Release|ARM.Deploy.0 = Release|Any CPU
		{C1F9A4C8-9950-494E-8976-7D096B5B2FA1}.Release|iPhone.ActiveCfg = Release|Any CPU
		{C1F9A4C8-9950-494E-8976-7D096B5B2FA1}.Release|iPhone.Build.0 = Release|Any CPU
		{C1F9A4C8-9950-494E-8976-7D096B5B2FA1}.Release|iPhone.Deploy.0 = Release|Any CPU
		{C1F9A4C8-9950-494E-8976-7D096B5B2FA1}.Release|iPhoneSimulator.ActiveCfg = Release|Any CPU
		{C1F9A4C8-9950-494E-8976-7D096B5B2FA1}.Release|iPhoneSimulator.Build.0 = Release|Any CPU
		{C1F9A4C8-9950-494E-8976-7D096B5B2FA1}.Release|iPhoneSimulator.Deploy.0 = Release|Any CPU
		{C1F9A4C8-9950-494E-8976-7D096B5B2FA1}.Release|x64.ActiveCfg = Release|Any CPU
		{C1F9A4C8-9950-494E-8976-7D096B5B2FA1}.Release|x64.Build.0 = Release|Any CPU
		{C1F9A4C8-9950-494E-8976-7D096B5B2FA1}.Release|x64.Deploy.0 = Release|Any CPU
		{C1F9A4C8-9950-494E-8976-7D096B5B2FA1}.Release|x86.ActiveCfg = Release|Any CPU
		{C1F9A4C8-9950-494E-8976-7D096B5B2FA1}.Release|x86.Build.0 = Release|Any CPU
		{C1F9A4C8-9950-494E-8976-7D096B5B2FA1}.Release|x86.Deploy.0 = Release|Any CPU
		{6FD2CA1A-37BB-43F8-85AE-EF88852FD8A0}.Ad-Hoc|Any CPU.ActiveCfg = Ad-Hoc|iPhoneSimulator
		{6FD2CA1A-37BB-43F8-85AE-EF88852FD8A0}.Ad-Hoc|Any CPU.Build.0 = Ad-Hoc|iPhoneSimulator
		{6FD2CA1A-37BB-43F8-85AE-EF88852FD8A0}.Ad-Hoc|ARM.ActiveCfg = Ad-Hoc|iPhoneSimulator
		{6FD2CA1A-37BB-43F8-85AE-EF88852FD8A0}.Ad-Hoc|ARM.Build.0 = Ad-Hoc|iPhoneSimulator
		{6FD2CA1A-37BB-43F8-85AE-EF88852FD8A0}.Ad-Hoc|iPhone.ActiveCfg = Ad-Hoc|iPhone
		{6FD2CA1A-37BB-43F8-85AE-EF88852FD8A0}.Ad-Hoc|iPhone.Build.0 = Ad-Hoc|iPhone
		{6FD2CA1A-37BB-43F8-85AE-EF88852FD8A0}.Ad-Hoc|iPhoneSimulator.ActiveCfg = Ad-Hoc|iPhoneSimulator
		{6FD2CA1A-37BB-43F8-85AE-EF88852FD8A0}.Ad-Hoc|iPhoneSimulator.Build.0 = Ad-Hoc|iPhoneSimulator
		{6FD2CA1A-37BB-43F8-85AE-EF88852FD8A0}.Ad-Hoc|x64.ActiveCfg = Ad-Hoc|iPhoneSimulator
		{6FD2CA1A-37BB-43F8-85AE-EF88852FD8A0}.Ad-Hoc|x64.Build.0 = Ad-Hoc|iPhoneSimulator
		{6FD2CA1A-37BB-43F8-85AE-EF88852FD8A0}.Ad-Hoc|x86.ActiveCfg = Ad-Hoc|iPhoneSimulator
		{6FD2CA1A-37BB-43F8-85AE-EF88852FD8A0}.Ad-Hoc|x86.Build.0 = Ad-Hoc|iPhoneSimulator
		{6FD2CA1A-37BB-43F8-85AE-EF88852FD8A0}.AppStore|Any CPU.ActiveCfg = AppStore|iPhoneSimulator
		{6FD2CA1A-37BB-43F8-85AE-EF88852FD8A0}.AppStore|Any CPU.Build.0 = AppStore|iPhoneSimulator
		{6FD2CA1A-37BB-43F8-85AE-EF88852FD8A0}.AppStore|ARM.ActiveCfg = AppStore|iPhoneSimulator
		{6FD2CA1A-37BB-43F8-85AE-EF88852FD8A0}.AppStore|ARM.Build.0 = AppStore|iPhoneSimulator
		{6FD2CA1A-37BB-43F8-85AE-EF88852FD8A0}.AppStore|iPhone.ActiveCfg = AppStore|iPhone
		{6FD2CA1A-37BB-43F8-85AE-EF88852FD8A0}.AppStore|iPhone.Build.0 = AppStore|iPhone
		{6FD2CA1A-37BB-43F8-85AE-EF88852FD8A0}.AppStore|iPhoneSimulator.ActiveCfg = AppStore|iPhoneSimulator
		{6FD2CA1A-37BB-43F8-85AE-EF88852FD8A0}.AppStore|iPhoneSimulator.Build.0 = AppStore|iPhoneSimulator
		{6FD2CA1A-37BB-43F8-85AE-EF88852FD8A0}.AppStore|x64.ActiveCfg = AppStore|iPhoneSimulator
		{6FD2CA1A-37BB-43F8-85AE-EF88852FD8A0}.AppStore|x64.Build.0 = AppStore|iPhoneSimulator
		{6FD2CA1A-37BB-43F8-85AE-EF88852FD8A0}.AppStore|x86.ActiveCfg = AppStore|iPhoneSimulator
		{6FD2CA1A-37BB-43F8-85AE-EF88852FD8A0}.AppStore|x86.Build.0 = AppStore|iPhoneSimulator
		{6FD2CA1A-37BB-43F8-85AE-EF88852FD8A0}.Debug|Any CPU.ActiveCfg = Debug|iPhoneSimulator
		{6FD2CA1A-37BB-43F8-85AE-EF88852FD8A0}.Debug|Any CPU.Build.0 = Debug|iPhoneSimulator
		{6FD2CA1A-37BB-43F8-85AE-EF88852FD8A0}.Debug|ARM.ActiveCfg = Debug|iPhoneSimulator
		{6FD2CA1A-37BB-43F8-85AE-EF88852FD8A0}.Debug|ARM.Build.0 = Debug|iPhoneSimulator
		{6FD2CA1A-37BB-43F8-85AE-EF88852FD8A0}.Debug|iPhone.ActiveCfg = Debug|iPhone
		{6FD2CA1A-37BB-43F8-85AE-EF88852FD8A0}.Debug|iPhone.Build.0 = Debug|iPhone
		{6FD2CA1A-37BB-43F8-85AE-EF88852FD8A0}.Debug|iPhoneSimulator.ActiveCfg = Debug|iPhoneSimulator
		{6FD2CA1A-37BB-43F8-85AE-EF88852FD8A0}.Debug|iPhoneSimulator.Build.0 = Debug|iPhoneSimulator
		{6FD2CA1A-37BB-43F8-85AE-EF88852FD8A0}.Debug|x64.ActiveCfg = Debug|iPhoneSimulator
		{6FD2CA1A-37BB-43F8-85AE-EF88852FD8A0}.Debug|x64.Build.0 = Debug|iPhoneSimulator
		{6FD2CA1A-37BB-43F8-85AE-EF88852FD8A0}.Debug|x86.ActiveCfg = Debug|iPhoneSimulator
		{6FD2CA1A-37BB-43F8-85AE-EF88852FD8A0}.Debug|x86.Build.0 = Debug|iPhoneSimulator
		{6FD2CA1A-37BB-43F8-85AE-EF88852FD8A0}.Release|Any CPU.ActiveCfg = Release|iPhoneSimulator
		{6FD2CA1A-37BB-43F8-85AE-EF88852FD8A0}.Release|Any CPU.Build.0 = Release|iPhoneSimulator
		{6FD2CA1A-37BB-43F8-85AE-EF88852FD8A0}.Release|ARM.ActiveCfg = Release|iPhoneSimulator
		{6FD2CA1A-37BB-43F8-85AE-EF88852FD8A0}.Release|ARM.Build.0 = Release|iPhoneSimulator
		{6FD2CA1A-37BB-43F8-85AE-EF88852FD8A0}.Release|iPhone.ActiveCfg = Release|iPhone
		{6FD2CA1A-37BB-43F8-85AE-EF88852FD8A0}.Release|iPhone.Build.0 = Release|iPhone
		{6FD2CA1A-37BB-43F8-85AE-EF88852FD8A0}.Release|iPhoneSimulator.ActiveCfg = Release|iPhoneSimulator
		{6FD2CA1A-37BB-43F8-85AE-EF88852FD8A0}.Release|iPhoneSimulator.Build.0 = Release|iPhoneSimulator
		{6FD2CA1A-37BB-43F8-85AE-EF88852FD8A0}.Release|x64.ActiveCfg = Release|iPhoneSimulator
		{6FD2CA1A-37BB-43F8-85AE-EF88852FD8A0}.Release|x64.Build.0 = Release|iPhoneSimulator
		{6FD2CA1A-37BB-43F8-85AE-EF88852FD8A0}.Release|x86.ActiveCfg = Release|iPhoneSimulator
		{6FD2CA1A-37BB-43F8-85AE-EF88852FD8A0}.Release|x86.Build.0 = Release|iPhoneSimulator
		{38FCF28E-34A9-4659-8C1C-935919D9E98C}.Ad-Hoc|Any CPU.ActiveCfg = Debug|x64
		{38FCF28E-34A9-4659-8C1C-935919D9E98C}.Ad-Hoc|Any CPU.Build.0 = Debug|x64
		{38FCF28E-34A9-4659-8C1C-935919D9E98C}.Ad-Hoc|Any CPU.Deploy.0 = Debug|x64
		{38FCF28E-34A9-4659-8C1C-935919D9E98C}.Ad-Hoc|ARM.ActiveCfg = Debug|ARM
		{38FCF28E-34A9-4659-8C1C-935919D9E98C}.Ad-Hoc|ARM.Build.0 = Debug|ARM
		{38FCF28E-34A9-4659-8C1C-935919D9E98C}.Ad-Hoc|ARM.Deploy.0 = Debug|ARM
		{38FCF28E-34A9-4659-8C1C-935919D9E98C}.Ad-Hoc|iPhone.ActiveCfg = Debug|x64
		{38FCF28E-34A9-4659-8C1C-935919D9E98C}.Ad-Hoc|iPhone.Build.0 = Debug|x64
		{38FCF28E-34A9-4659-8C1C-935919D9E98C}.Ad-Hoc|iPhone.Deploy.0 = Debug|x64
		{38FCF28E-34A9-4659-8C1C-935919D9E98C}.Ad-Hoc|iPhoneSimulator.ActiveCfg = Debug|x64
		{38FCF28E-34A9-4659-8C1C-935919D9E98C}.Ad-Hoc|iPhoneSimulator.Build.0 = Debug|x64
		{38FCF28E-34A9-4659-8C1C-935919D9E98C}.Ad-Hoc|iPhoneSimulator.Deploy.0 = Debug|x64
		{38FCF28E-34A9-4659-8C1C-935919D9E98C}.Ad-Hoc|x64.ActiveCfg = Debug|x64
		{38FCF28E-34A9-4659-8C1C-935919D9E98C}.Ad-Hoc|x64.Build.0 = Debug|x64
		{38FCF28E-34A9-4659-8C1C-935919D9E98C}.Ad-Hoc|x64.Deploy.0 = Debug|x64
		{38FCF28E-34A9-4659-8C1C-935919D9E98C}.Ad-Hoc|x86.ActiveCfg = Debug|x86
		{38FCF28E-34A9-4659-8C1C-935919D9E98C}.Ad-Hoc|x86.Build.0 = Debug|x86
		{38FCF28E-34A9-4659-8C1C-935919D9E98C}.Ad-Hoc|x86.Deploy.0 = Debug|x86
		{38FCF28E-34A9-4659-8C1C-935919D9E98C}.AppStore|Any CPU.ActiveCfg = Debug|x64
		{38FCF28E-34A9-4659-8C1C-935919D9E98C}.AppStore|Any CPU.Build.0 = Debug|x64
		{38FCF28E-34A9-4659-8C1C-935919D9E98C}.AppStore|Any CPU.Deploy.0 = Debug|x64
		{38FCF28E-34A9-4659-8C1C-935919D9E98C}.AppStore|ARM.ActiveCfg = Debug|ARM
		{38FCF28E-34A9-4659-8C1C-935919D9E98C}.AppStore|ARM.Build.0 = Debug|ARM
		{38FCF28E-34A9-4659-8C1C-935919D9E98C}.AppStore|ARM.Deploy.0 = Debug|ARM
		{38FCF28E-34A9-4659-8C1C-935919D9E98C}.AppStore|iPhone.ActiveCfg = Debug|x64
		{38FCF28E-34A9-4659-8C1C-935919D9E98C}.AppStore|iPhone.Build.0 = Debug|x64
		{38FCF28E-34A9-4659-8C1C-935919D9E98C}.AppStore|iPhone.Deploy.0 = Debug|x64
		{38FCF28E-34A9-4659-8C1C-935919D9E98C}.AppStore|iPhoneSimulator.ActiveCfg = Debug|x64
		{38FCF28E-34A9-4659-8C1C-935919D9E98C}.AppStore|iPhoneSimulator.Build.0 = Debug|x64
		{38FCF28E-34A9-4659-8C1C-935919D9E98C}.AppStore|iPhoneSimulator.Deploy.0 = Debug|x64
		{38FCF28E-34A9-4659-8C1C-935919D9E98C}.AppStore|x64.ActiveCfg = Debug|x64
		{38FCF28E-34A9-4659-8C1C-935919D9E98C}.AppStore|x64.Build.0 = Debug|x64
		{38FCF28E-34A9-4659-8C1C-935919D9E98C}.AppStore|x64.Deploy.0 = Debug|x64
		{38FCF28E-34A9-4659-8C1C-935919D9E98C}.AppStore|x86.ActiveCfg = Debug|x86
		{38FCF28E-34A9-4659-8C1C-935919D9E98C}.AppStore|x86.Build.0 = Debug|x86
		{38FCF28E-34A9-4659-8C1C-935919D9E98C}.AppStore|x86.Deploy.0 = Debug|x86
		{38FCF28E-34A9-4659-8C1C-935919D9E98C}.Debug|Any CPU.ActiveCfg = Debug|x64
		{38FCF28E-34A9-4659-8C1C-935919D9E98C}.Debug|Any CPU.Build.0 = Debug|x64
		{38FCF28E-34A9-4659-8C1C-935919D9E98C}.Debug|Any CPU.Deploy.0 = Debug|x64
		{38FCF28E-34A9-4659-8C1C-935919D9E98C}.Debug|ARM.ActiveCfg = Debug|ARM
		{38FCF28E-34A9-4659-8C1C-935919D9E98C}.Debug|ARM.Build.0 = Debug|ARM
		{38FCF28E-34A9-4659-8C1C-935919D9E98C}.Debug|ARM.Deploy.0 = Debug|ARM
		{38FCF28E-34A9-4659-8C1C-935919D9E98C}.Debug|iPhone.ActiveCfg = Debug|x64
		{38FCF28E-34A9-4659-8C1C-935919D9E98C}.Debug|iPhone.Build.0 = Debug|x64
		{38FCF28E-34A9-4659-8C1C-935919D9E98C}.Debug|iPhone.Deploy.0 = Debug|x64
		{38FCF28E-34A9-4659-8C1C-935919D9E98C}.Debug|iPhoneSimulator.ActiveCfg = Debug|x64
		{38FCF28E-34A9-4659-8C1C-935919D9E98C}.Debug|iPhoneSimulator.Build.0 = Debug|x64
		{38FCF28E-34A9-4659-8C1C-935919D9E98C}.Debug|iPhoneSimulator.Deploy.0 = Debug|x64
		{38FCF28E-34A9-4659-8C1C-935919D9E98C}.Debug|x64.ActiveCfg = Debug|x64
		{38FCF28E-34A9-4659-8C1C-935919D9E98C}.Debug|x64.Build.0 = Debug|x64
		{38FCF28E-34A9-4659-8C1C-935919D9E98C}.Debug|x64.Deploy.0 = Debug|x64
		{38FCF28E-34A9-4659-8C1C-935919D9E98C}.Debug|x86.ActiveCfg = Debug|x86
		{38FCF28E-34A9-4659-8C1C-935919D9E98C}.Debug|x86.Build.0 = Debug|x86
		{38FCF28E-34A9-4659-8C1C-935919D9E98C}.Debug|x86.Deploy.0 = Debug|x86
		{38FCF28E-34A9-4659-8C1C-935919D9E98C}.Release|Any CPU.ActiveCfg = Release|x64
		{38FCF28E-34A9-4659-8C1C-935919D9E98C}.Release|Any CPU.Build.0 = Release|x64
		{38FCF28E-34A9-4659-8C1C-935919D9E98C}.Release|Any CPU.Deploy.0 = Release|x64
		{38FCF28E-34A9-4659-8C1C-935919D9E98C}.Release|ARM.ActiveCfg = Release|ARM
		{38FCF28E-34A9-4659-8C1C-935919D9E98C}.Release|ARM.Build.0 = Release|ARM
		{38FCF28E-34A9-4659-8C1C-935919D9E98C}.Release|ARM.Deploy.0 = Release|ARM
		{38FCF28E-34A9-4659-8C1C-935919D9E98C}.Release|iPhone.ActiveCfg = Release|x64
		{38FCF28E-34A9-4659-8C1C-935919D9E98C}.Release|iPhone.Build.0 = Release|x64
		{38FCF28E-34A9-4659-8C1C-935919D9E98C}.Release|iPhone.Deploy.0 = Release|x64
		{38FCF28E-34A9-4659-8C1C-935919D9E98C}.Release|iPhoneSimulator.ActiveCfg = Release|x64
		{38FCF28E-34A9-4659-8C1C-935919D9E98C}.Release|iPhoneSimulator.Build.0 = Release|x64
		{38FCF28E-34A9-4659-8C1C-935919D9E98C}.Release|iPhoneSimulator.Deploy.0 = Release|x64
		{38FCF28E-34A9-4659-8C1C-935919D9E98C}.Release|x64.ActiveCfg = Release|x64
		{38FCF28E-34A9-4659-8C1C-935919D9E98C}.Release|x64.Build.0 = Release|x64
		{38FCF28E-34A9-4659-8C1C-935919D9E98C}.Release|x64.Deploy.0 = Release|x64
		{38FCF28E-34A9-4659-8C1C-935919D9E98C}.Release|x86.ActiveCfg = Release|x86
		{38FCF28E-34A9-4659-8C1C-935919D9E98C}.Release|x86.Build.0 = Release|x86
		{38FCF28E-34A9-4659-8C1C-935919D9E98C}.Release|x86.Deploy.0 = Release|x86
	EndGlobalSection
	GlobalSection(SolutionProperties) = preSolution
		HideSolutionNode = FALSE
	EndGlobalSection
	GlobalSection(ExtensibilityGlobals) = postSolution
		SolutionGuid = {51E4BEFD-FE60-4633-92FE-3FF16F9E5E67}
	EndGlobalSection
EndGlobal
